
Microsoft Visual Studio Solution File, Format Version 12.00
# Visual Studio Version 17
VisualStudioVersion = 17.5.002.0
MinimumVisualStudioVersion = 10.0.40219.1
Project("{9A19103F-16F7-4668-BE54-9A1E7A4F7556}") = "LogAndReg", "LogAndReg.csproj", "{2192A57F-8C0B-48ED-9215-55CDC016E452}"
EndProject
Global
	GlobalSection(SolutionConfigurationPlatforms) = preSolution
		Debug|Any CPU = Debug|Any CPU
		Release|Any CPU = Release|Any CPU
	EndGlobalSection
	GlobalSection(ProjectConfigurationPlatforms) = postSolution
		{2192A57F-8C0B-48ED-9215-55CDC016E452}.Debug|Any CPU.ActiveCfg = Debug|Any CPU
		{2192A57F-8C0B-48ED-9215-55CDC016E452}.Debug|Any CPU.Build.0 = Debug|Any CPU
		{2192A57F-8C0B-48ED-9215-55CDC016E452}.Release|Any CPU.ActiveCfg = Release|Any CPU
		{2192A57F-8C0B-48ED-9215-55CDC016E452}.Release|Any CPU.Build.0 = Release|Any CPU
	EndGlobalSection
	GlobalSection(SolutionProperties) = preSolution
		HideSolutionNode = FALSE
	EndGlobalSection
	GlobalSection(ExtensibilityGlobals) = postSolution
		SolutionGuid = {106FE097-B7C6-4043-B7B1-976D15D1CA16}
	EndGlobalSection
EndGlobal
