
Microsoft Visual Studio Solution File, Format Version 12.00
# Visual Studio Version 17
VisualStudioVersion = 17.5.002.0
MinimumVisualStudioVersion = 10.0.40219.1
Project("{9A19103F-16F7-4668-BE54-9A1E7A4F7556}") = "FirstConnection", "FirstConnection.csproj", "{B36C0A7A-A340-4CDC-B084-64601EAF588E}"
EndProject
Global
	GlobalSection(SolutionConfigurationPlatforms) = preSolution
		Debug|Any CPU = Debug|Any CPU
		Release|Any CPU = Release|Any CPU
	EndGlobalSection
	GlobalSection(ProjectConfigurationPlatforms) = postSolution
		{B36C0A7A-A340-4CDC-B084-64601EAF588E}.Debug|Any CPU.ActiveCfg = Debug|Any CPU
		{B36C0A7A-A340-4CDC-B084-64601EAF588E}.Debug|Any CPU.Build.0 = Debug|Any CPU
		{B36C0A7A-A340-4CDC-B084-64601EAF588E}.Release|Any CPU.ActiveCfg = Release|Any CPU
		{B36C0A7A-A340-4CDC-B084-64601EAF588E}.Release|Any CPU.Build.0 = Release|Any CPU
	EndGlobalSection
	GlobalSection(SolutionProperties) = preSolution
		HideSolutionNode = FALSE
	EndGlobalSection
	GlobalSection(ExtensibilityGlobals) = postSolution
		SolutionGuid = {CF37E8A0-9D78-414C-B68B-DA40567EC016}
	EndGlobalSection
EndGlobal
