
Microsoft Visual Studio Solution File, Format Version 12.00
# Visual Studio Version 17
VisualStudioVersion = 17.5.002.0
MinimumVisualStudioVersion = 10.0.40219.1
Project("{9A19103F-16F7-4668-BE54-9A1E7A4F7556}") = "PrdoAndCateg", "PrdoAndCateg.csproj", "{CA505BCD-94D1-4FD0-B030-1C668D17DB07}"
EndProject
Global
	GlobalSection(SolutionConfigurationPlatforms) = preSolution
		Debug|Any CPU = Debug|Any CPU
		Release|Any CPU = Release|Any CPU
	EndGlobalSection
	GlobalSection(ProjectConfigurationPlatforms) = postSolution
		{CA505BCD-94D1-4FD0-B030-1C668D17DB07}.Debug|Any CPU.ActiveCfg = Debug|Any CPU
		{CA505BCD-94D1-4FD0-B030-1C668D17DB07}.Debug|Any CPU.Build.0 = Debug|Any CPU
		{CA505BCD-94D1-4FD0-B030-1C668D17DB07}.Release|Any CPU.ActiveCfg = Release|Any CPU
		{CA505BCD-94D1-4FD0-B030-1C668D17DB07}.Release|Any CPU.Build.0 = Release|Any CPU
	EndGlobalSection
	GlobalSection(SolutionProperties) = preSolution
		HideSolutionNode = FALSE
	EndGlobalSection
	GlobalSection(ExtensibilityGlobals) = postSolution
		SolutionGuid = {E3ED12A1-E6A9-4688-9329-8C7E088133F6}
	EndGlobalSection
EndGlobal
